
Microsoft Visual Studio Solution File, Format Version 12.00
# Visual Studio 15
VisualStudioVersion = 15.0.27004.2006
MinimumVisualStudioVersion = 10.0.40219.1
Project("{FAE04EC0-301F-11D3-BF4B-00C04F79EFBC}") = "GetInfoFromDriver", "GetInfoFromDriver\GetInfoFromDriver.csproj", "{59EA36FB-9DCA-4459-9D21-B8A65AC1B4D4}"
EndProject
Project("{2150E333-8FDC-42A3-9474-1A3956D46DE8}") = "Perform IO Operations", "Perform IO Operations", "{02B06A4A-3E1E-4C5D-86C5-100BE49E1A4E}"
EndProject
Project("{2150E333-8FDC-42A3-9474-1A3956D46DE8}") = "Drivers", "Drivers", "{CE8A74E9-0385-42CD-B495-73CF5E17E7F6}"
EndProject
Project("{FAE04EC0-301F-11D3-BF4B-00C04F79EFBC}") = "SelectAllDrivers", "SelectAllDrivers\SelectAllDrivers.csproj", "{DFBACC9F-3FDC-42E1-B11E-BC212CD94D33}"
EndProject
Project("{2150E333-8FDC-42A3-9474-1A3956D46DE8}") = "Directories", "Directories", "{DF3B1E53-2CBB-4528-B15E-6FF67C306E56}"
EndProject
Project("{FAE04EC0-301F-11D3-BF4B-00C04F79EFBC}") = "AddDirectories", "AddDirectories\AddDirectories.csproj", "{C2EEADFC-09D1-41D4-B465-DC5B31C643CA}"
EndProject
Project("{FAE04EC0-301F-11D3-BF4B-00C04F79EFBC}") = "DeleteDirectories", "DeleteDirectories\DeleteDirectories.csproj", "{4E22CD62-4CCA-497F-B38E-58E3971F4E78}"
EndProject
Global
	GlobalSection(SolutionConfigurationPlatforms) = preSolution
		Debug|Any CPU = Debug|Any CPU
		Release|Any CPU = Release|Any CPU
	EndGlobalSection
	GlobalSection(ProjectConfigurationPlatforms) = postSolution
		{59EA36FB-9DCA-4459-9D21-B8A65AC1B4D4}.Debug|Any CPU.ActiveCfg = Debug|Any CPU
		{59EA36FB-9DCA-4459-9D21-B8A65AC1B4D4}.Debug|Any CPU.Build.0 = Debug|Any CPU
		{59EA36FB-9DCA-4459-9D21-B8A65AC1B4D4}.Release|Any CPU.ActiveCfg = Release|Any CPU
		{59EA36FB-9DCA-4459-9D21-B8A65AC1B4D4}.Release|Any CPU.Build.0 = Release|Any CPU
		{DFBACC9F-3FDC-42E1-B11E-BC212CD94D33}.Debug|Any CPU.ActiveCfg = Debug|Any CPU
		{DFBACC9F-3FDC-42E1-B11E-BC212CD94D33}.Debug|Any CPU.Build.0 = Debug|Any CPU
		{DFBACC9F-3FDC-42E1-B11E-BC212CD94D33}.Release|Any CPU.ActiveCfg = Release|Any CPU
		{DFBACC9F-3FDC-42E1-B11E-BC212CD94D33}.Release|Any CPU.Build.0 = Release|Any CPU
		{C2EEADFC-09D1-41D4-B465-DC5B31C643CA}.Debug|Any CPU.ActiveCfg = Debug|Any CPU
		{C2EEADFC-09D1-41D4-B465-DC5B31C643CA}.Debug|Any CPU.Build.0 = Debug|Any CPU
		{C2EEADFC-09D1-41D4-B465-DC5B31C643CA}.Release|Any CPU.ActiveCfg = Release|Any CPU
		{C2EEADFC-09D1-41D4-B465-DC5B31C643CA}.Release|Any CPU.Build.0 = Release|Any CPU
		{4E22CD62-4CCA-497F-B38E-58E3971F4E78}.Debug|Any CPU.ActiveCfg = Debug|Any CPU
		{4E22CD62-4CCA-497F-B38E-58E3971F4E78}.Debug|Any CPU.Build.0 = Debug|Any CPU
		{4E22CD62-4CCA-497F-B38E-58E3971F4E78}.Release|Any CPU.ActiveCfg = Release|Any CPU
		{4E22CD62-4CCA-497F-B38E-58E3971F4E78}.Release|Any CPU.Build.0 = Release|Any CPU
	EndGlobalSection
	GlobalSection(SolutionProperties) = preSolution
		HideSolutionNode = FALSE
	EndGlobalSection
	GlobalSection(NestedProjects) = preSolution
		{59EA36FB-9DCA-4459-9D21-B8A65AC1B4D4} = {CE8A74E9-0385-42CD-B495-73CF5E17E7F6}
		{CE8A74E9-0385-42CD-B495-73CF5E17E7F6} = {02B06A4A-3E1E-4C5D-86C5-100BE49E1A4E}
		{DFBACC9F-3FDC-42E1-B11E-BC212CD94D33} = {CE8A74E9-0385-42CD-B495-73CF5E17E7F6}
		{DF3B1E53-2CBB-4528-B15E-6FF67C306E56} = {02B06A4A-3E1E-4C5D-86C5-100BE49E1A4E}
		{C2EEADFC-09D1-41D4-B465-DC5B31C643CA} = {DF3B1E53-2CBB-4528-B15E-6FF67C306E56}
		{4E22CD62-4CCA-497F-B38E-58E3971F4E78} = {DF3B1E53-2CBB-4528-B15E-6FF67C306E56}
	EndGlobalSection
	GlobalSection(ExtensibilityGlobals) = postSolution
		SolutionGuid = {7D9A9919-D775-44D6-BB72-951FCD8B5EAF}
	EndGlobalSection
EndGlobal
